// !$*UTF8*$!
{
	archiveVersion = 1;
	classes = {
	};
	objectVersion = 55;
	objects = {

/* Begin PBXBuildFile section */
		573B6AB92819B0C6007F149C /* AppDelegate.swift in Sources */ = {isa = PBXBuildFile; fileRef = 573B6AB82819B0C6007F149C /* AppDelegate.swift */; };
		573B6ABB2819B0C6007F149C /* SceneDelegate.swift in Sources */ = {isa = PBXBuildFile; fileRef = 573B6ABA2819B0C6007F149C /* SceneDelegate.swift */; };
		573B6ABD2819B0C6007F149C /* LoginViewController.swift in Sources */ = {isa = PBXBuildFile; fileRef = 573B6ABC2819B0C6007F149C /* LoginViewController.swift */; };
		573B6AC02819B0C6007F149C /* Main.storyboard in Resources */ = {isa = PBXBuildFile; fileRef = 573B6ABE2819B0C6007F149C /* Main.storyboard */; };
		573B6AC22819B0C8007F149C /* Assets.xcassets in Resources */ = {isa = PBXBuildFile; fileRef = 573B6AC12819B0C8007F149C /* Assets.xcassets */; };
		573B6AC52819B0C8007F149C /* LaunchScreen.storyboard in Resources */ = {isa = PBXBuildFile; fileRef = 573B6AC32819B0C8007F149C /* LaunchScreen.storyboard */; };
		574A057F282ECAB1007BFACE /* LikeControl.swift in Sources */ = {isa = PBXBuildFile; fileRef = 574A057E282ECAB1007BFACE /* LikeControl.swift */; };
		574A0583282ED508007BFACE /* BackgroundView.swift in Sources */ = {isa = PBXBuildFile; fileRef = 574A0582282ED508007BFACE /* BackgroundView.swift */; };
		57561E44282D476C00AB164D /* FriendCell.swift in Sources */ = {isa = PBXBuildFile; fileRef = 57561E43282D476C00AB164D /* FriendCell.swift */; };
		57561E46282D47FD00AB164D /* PhotoCell.swift in Sources */ = {isa = PBXBuildFile; fileRef = 57561E45282D47FD00AB164D /* PhotoCell.swift */; };
		57561E48282D4B2200AB164D /* PhotoCollectionController.swift in Sources */ = {isa = PBXBuildFile; fileRef = 57561E47282D4B2200AB164D /* PhotoCollectionController.swift */; };
		57561E4A282D4B3F00AB164D /* GroupSearchController.swift in Sources */ = {isa = PBXBuildFile; fileRef = 57561E49282D4B3F00AB164D /* GroupSearchController.swift */; };
		577CC0B1282E7AD6004F3AE8 /* Friends.swift in Sources */ = {isa = PBXBuildFile; fileRef = 577CC0B0282E7AD6004F3AE8 /* Friends.swift */; };
		57AFE5912826AB79002D887D /* MyGroupsTableView.swift in Sources */ = {isa = PBXBuildFile; fileRef = 57AFE5902826AB79002D887D /* MyGroupsTableView.swift */; };
		57AFE5932826AB94002D887D /* MyFriendsTableView.swift in Sources */ = {isa = PBXBuildFile; fileRef = 57AFE5922826AB94002D887D /* MyFriendsTableView.swift */; };
		57D0A54D282C2AA5007B7C41 /* GroupCell.swift in Sources */ = {isa = PBXBuildFile; fileRef = 57D0A54C282C2AA5007B7C41 /* GroupCell.swift */; };
		57D0A54F282C2FB1007B7C41 /* Groups.swift in Sources */ = {isa = PBXBuildFile; fileRef = 57D0A54E282C2FB1007B7C41 /* Groups.swift */; };
/* End PBXBuildFile section */

/* Begin PBXFileReference section */
		573B6AB52819B0C6007F149C /* VK.app */ = {isa = PBXFileReference; explicitFileType = wrapper.application; includeInIndex = 0; path = VK.app; sourceTree = BUILT_PRODUCTS_DIR; };
		573B6AB82819B0C6007F149C /* AppDelegate.swift */ = {isa = PBXFileReference; lastKnownFileType = sourcecode.swift; path = AppDelegate.swift; sourceTree = "<group>"; };
		573B6ABA2819B0C6007F149C /* SceneDelegate.swift */ = {isa = PBXFileReference; lastKnownFileType = sourcecode.swift; path = SceneDelegate.swift; sourceTree = "<group>"; };
		573B6ABC2819B0C6007F149C /* LoginViewController.swift */ = {isa = PBXFileReference; lastKnownFileType = sourcecode.swift; path = LoginViewController.swift; sourceTree = "<group>"; };
		573B6ABF2819B0C6007F149C /* Base */ = {isa = PBXFileReference; lastKnownFileType = file.storyboard; name = Base; path = Base.lproj/Main.storyboard; sourceTree = "<group>"; };
		573B6AC12819B0C8007F149C /* Assets.xcassets */ = {isa = PBXFileReference; lastKnownFileType = folder.assetcatalog; path = Assets.xcassets; sourceTree = "<group>"; };
		573B6AC42819B0C8007F149C /* Base */ = {isa = PBXFileReference; lastKnownFileType = file.storyboard; name = Base; path = Base.lproj/LaunchScreen.storyboard; sourceTree = "<group>"; };
		573B6AC62819B0C8007F149C /* Info.plist */ = {isa = PBXFileReference; lastKnownFileType = text.plist.xml; path = Info.plist; sourceTree = "<group>"; };
		574A057E282ECAB1007BFACE /* LikeControl.swift */ = {isa = PBXFileReference; lastKnownFileType = sourcecode.swift; path = LikeControl.swift; sourceTree = "<group>"; };
		574A0582282ED508007BFACE /* BackgroundView.swift */ = {isa = PBXFileReference; lastKnownFileType = sourcecode.swift; path = BackgroundView.swift; sourceTree = "<group>"; };
		57561E43282D476C00AB164D /* FriendCell.swift */ = {isa = PBXFileReference; lastKnownFileType = sourcecode.swift; path = FriendCell.swift; sourceTree = "<group>"; };
		57561E45282D47FD00AB164D /* PhotoCell.swift */ = {isa = PBXFileReference; lastKnownFileType = sourcecode.swift; path = PhotoCell.swift; sourceTree = "<group>"; };
		57561E47282D4B2200AB164D /* PhotoCollectionController.swift */ = {isa = PBXFileReference; lastKnownFileType = sourcecode.swift; path = PhotoCollectionController.swift; sourceTree = "<group>"; };
		57561E49282D4B3F00AB164D /* GroupSearchController.swift */ = {isa = PBXFileReference; lastKnownFileType = sourcecode.swift; path = GroupSearchController.swift; sourceTree = "<group>"; };
		577CC0B0282E7AD6004F3AE8 /* Friends.swift */ = {isa = PBXFileReference; lastKnownFileType = sourcecode.swift; path = Friends.swift; sourceTree = "<group>"; };
		57AFE5902826AB79002D887D /* MyGroupsTableView.swift */ = {isa = PBXFileReference; lastKnownFileType = sourcecode.swift; path = MyGroupsTableView.swift; sourceTree = "<group>"; };
		57AFE5922826AB94002D887D /* MyFriendsTableView.swift */ = {isa = PBXFileReference; lastKnownFileType = sourcecode.swift; path = MyFriendsTableView.swift; sourceTree = "<group>"; };
		57D0A54C282C2AA5007B7C41 /* GroupCell.swift */ = {isa = PBXFileReference; lastKnownFileType = sourcecode.swift; path = GroupCell.swift; sourceTree = "<group>"; };
		57D0A54E282C2FB1007B7C41 /* Groups.swift */ = {isa = PBXFileReference; lastKnownFileType = sourcecode.swift; path = Groups.swift; sourceTree = "<group>"; };
/* End PBXFileReference section */

/* Begin PBXFrameworksBuildPhase section */
		573B6AB22819B0C6007F149C /* Frameworks */ = {
			isa = PBXFrameworksBuildPhase;
			buildActionMask = 2147483647;
			files = (
			);
			runOnlyForDeploymentPostprocessing = 0;
		};
/* End PBXFrameworksBuildPhase section */

/* Begin PBXGroup section */
		573B6AAC2819B0C6007F149C = {
			isa = PBXGroup;
			children = (
				573B6AB72819B0C6007F149C /* VK */,
				573B6AB62819B0C6007F149C /* Products */,
			);
			sourceTree = "<group>";
		};
		573B6AB62819B0C6007F149C /* Products */ = {
			isa = PBXGroup;
			children = (
				573B6AB52819B0C6007F149C /* VK.app */,
			);
			name = Products;
			sourceTree = "<group>";
		};
		573B6AB72819B0C6007F149C /* VK */ = {
			isa = PBXGroup;
			children = (
				573B6ABE2819B0C6007F149C /* Main.storyboard */,
				57CCAB9528223553000DA12A /* Configuration */,
				574A0579282EA19B007BFACE /* Model */,
				574A057D282ECA76007BFACE /* View */,
				574A057B282EA1AF007BFACE /* Controllers */,
				57AFE5992826B1B1002D887D /* MyFriends */,
				57AFE59B2826B1D5002D887D /* FriendsPhotos */,
				57AFE5982826B180002D887D /* MyGroups */,
				57AFE59A2826B1C5002D887D /* GroupsSearch */,
				574A057C282EA1FD007BFACE /* Resource */,
				573B6AC62819B0C8007F149C /* Info.plist */,
				574A0582282ED508007BFACE /* BackgroundView.swift */,
			);
			path = VK;
			sourceTree = "<group>";
		};
		574A0579282EA19B007BFACE /* Model */ = {
			isa = PBXGroup;
			children = (
				57D0A54E282C2FB1007B7C41 /* Groups.swift */,
				577CC0B0282E7AD6004F3AE8 /* Friends.swift */,
			);
			path = Model;
			sourceTree = "<group>";
		};
		574A057B282EA1AF007BFACE /* Controllers */ = {
			isa = PBXGroup;
			children = (
				573B6ABC2819B0C6007F149C /* LoginViewController.swift */,
			);
			path = Controllers;
			sourceTree = "<group>";
		};
		574A057C282EA1FD007BFACE /* Resource */ = {
			isa = PBXGroup;
			children = (
				573B6AC12819B0C8007F149C /* Assets.xcassets */,
				573B6AC32819B0C8007F149C /* LaunchScreen.storyboard */,
			);
			path = Resource;
			sourceTree = "<group>";
		};
		574A057D282ECA76007BFACE /* View */ = {
			isa = PBXGroup;
			children = (
				574A057E282ECAB1007BFACE /* LikeControl.swift */,
			);
			path = View;
			sourceTree = "<group>";
		};
		57AFE5982826B180002D887D /* MyGroups */ = {
			isa = PBXGroup;
			children = (
				57AFE5902826AB79002D887D /* MyGroupsTableView.swift */,
				57D0A54C282C2AA5007B7C41 /* GroupCell.swift */,
			);
			path = MyGroups;
			sourceTree = "<group>";
		};
		57AFE5992826B1B1002D887D /* MyFriends */ = {
			isa = PBXGroup;
			children = (
				57AFE5922826AB94002D887D /* MyFriendsTableView.swift */,
				57561E43282D476C00AB164D /* FriendCell.swift */,
			);
			path = MyFriends;
			sourceTree = "<group>";
		};
		57AFE59A2826B1C5002D887D /* GroupsSearch */ = {
			isa = PBXGroup;
			children = (
				57561E49282D4B3F00AB164D /* GroupSearchController.swift */,
			);
			path = GroupsSearch;
			sourceTree = "<group>";
		};
		57AFE59B2826B1D5002D887D /* FriendsPhotos */ = {
			isa = PBXGroup;
			children = (
				57561E47282D4B2200AB164D /* PhotoCollectionController.swift */,
				57561E45282D47FD00AB164D /* PhotoCell.swift */,
			);
			path = FriendsPhotos;
			sourceTree = "<group>";
		};
		57CCAB9528223553000DA12A /* Configuration */ = {
			isa = PBXGroup;
			children = (
				573B6AB82819B0C6007F149C /* AppDelegate.swift */,
				573B6ABA2819B0C6007F149C /* SceneDelegate.swift */,
			);
			path = Configuration;
			sourceTree = "<group>";
		};
/* End PBXGroup section */

/* Begin PBXNativeTarget section */
		573B6AB42819B0C6007F149C /* VK */ = {
			isa = PBXNativeTarget;
			buildConfigurationList = 573B6AC92819B0C8007F149C /* Build configuration list for PBXNativeTarget "VK" */;
			buildPhases = (
				573B6AB12819B0C6007F149C /* Sources */,
				573B6AB22819B0C6007F149C /* Frameworks */,
				573B6AB32819B0C6007F149C /* Resources */,
			);
			buildRules = (
			);
			dependencies = (
			);
			name = VK;
			productName = VK;
			productReference = 573B6AB52819B0C6007F149C /* VK.app */;
			productType = "com.apple.product-type.application";
		};
/* End PBXNativeTarget section */

/* Begin PBXProject section */
		573B6AAD2819B0C6007F149C /* Project object */ = {
			isa = PBXProject;
			attributes = {
				BuildIndependentTargetsInParallel = 1;
				LastSwiftUpdateCheck = 1330;
				LastUpgradeCheck = 1330;
				TargetAttributes = {
					573B6AB42819B0C6007F149C = {
						CreatedOnToolsVersion = 13.3.1;
					};
				};
			};
			buildConfigurationList = 573B6AB02819B0C6007F149C /* Build configuration list for PBXProject "VK" */;
			compatibilityVersion = "Xcode 13.0";
			developmentRegion = en;
			hasScannedForEncodings = 0;
			knownRegions = (
				en,
				Base,
			);
			mainGroup = 573B6AAC2819B0C6007F149C;
			productRefGroup = 573B6AB62819B0C6007F149C /* Products */;
			projectDirPath = "";
			projectRoot = "";
			targets = (
				573B6AB42819B0C6007F149C /* VK */,
			);
		};
/* End PBXProject section */

/* Begin PBXResourcesBuildPhase section */
		573B6AB32819B0C6007F149C /* Resources */ = {
			isa = PBXResourcesBuildPhase;
			buildActionMask = 2147483647;
			files = (
				573B6AC52819B0C8007F149C /* LaunchScreen.storyboard in Resources */,
				573B6AC22819B0C8007F149C /* Assets.xcassets in Resources */,
				573B6AC02819B0C6007F149C /* Main.storyboard in Resources */,
			);
			runOnlyForDeploymentPostprocessing = 0;
		};
/* End PBXResourcesBuildPhase section */

/* Begin PBXSourcesBuildPhase section */
		573B6AB12819B0C6007F149C /* Sources */ = {
			isa = PBXSourcesBuildPhase;
			buildActionMask = 2147483647;
			files = (
				57AFE5932826AB94002D887D /* MyFriendsTableView.swift in Sources */,
				573B6ABD2819B0C6007F149C /* LoginViewController.swift in Sources */,
				57561E4A282D4B3F00AB164D /* GroupSearchController.swift in Sources */,
				573B6AB92819B0C6007F149C /* AppDelegate.swift in Sources */,
				573B6ABB2819B0C6007F149C /* SceneDelegate.swift in Sources */,
				57AFE5912826AB79002D887D /* MyGroupsTableView.swift in Sources */,
				57D0A54D282C2AA5007B7C41 /* GroupCell.swift in Sources */,
				577CC0B1282E7AD6004F3AE8 /* Friends.swift in Sources */,
				57D0A54F282C2FB1007B7C41 /* Groups.swift in Sources */,
				574A057F282ECAB1007BFACE /* LikeControl.swift in Sources */,
				574A0583282ED508007BFACE /* BackgroundView.swift in Sources */,
				57561E46282D47FD00AB164D /* PhotoCell.swift in Sources */,
				57561E44282D476C00AB164D /* FriendCell.swift in Sources */,
				57561E48282D4B2200AB164D /* PhotoCollectionController.swift in Sources */,
			);
			runOnlyForDeploymentPostprocessing = 0;
		};
/* End PBXSourcesBuildPhase section */

/* Begin PBXVariantGroup section */
		573B6ABE2819B0C6007F149C /* Main.storyboard */ = {
			isa = PBXVariantGroup;
			children = (
				573B6ABF2819B0C6007F149C /* Base */,
			);
			name = Main.storyboard;
			sourceTree = "<group>";
		};
		573B6AC32819B0C8007F149C /* LaunchScreen.storyboard */ = {
			isa = PBXVariantGroup;
			children = (
				573B6AC42819B0C8007F149C /* Base */,
			);
			name = LaunchScreen.storyboard;
			sourceTree = "<group>";
		};
/* End PBXVariantGroup section */

/* Begin XCBuildConfiguration section */
		573B6AC72819B0C8007F149C /* Debug */ = {
			isa = XCBuildConfiguration;
			buildSettings = {
				ALWAYS_SEARCH_USER_PATHS = NO;
				CLANG_ANALYZER_NONNULL = YES;
				CLANG_ANALYZER_NUMBER_OBJECT_CONVERSION = YES_AGGRESSIVE;
				CLANG_CXX_LANGUAGE_STANDARD = "gnu++17";
				CLANG_ENABLE_MODULES = YES;
				CLANG_ENABLE_OBJC_ARC = YES;
				CLANG_ENABLE_OBJC_WEAK = YES;
				CLANG_WARN_BLOCK_CAPTURE_AUTORELEASING = YES;
				CLANG_WARN_BOOL_CONVERSION = YES;
				CLANG_WARN_COMMA = YES;
				CLANG_WARN_CONSTANT_CONVERSION = YES;
				CLANG_WARN_DEPRECATED_OBJC_IMPLEMENTATIONS = YES;
				CLANG_WARN_DIRECT_OBJC_ISA_USAGE = YES_ERROR;
				CLANG_WARN_DOCUMENTATION_COMMENTS = YES;
				CLANG_WARN_EMPTY_BODY = YES;
				CLANG_WARN_ENUM_CONVERSION = YES;
				CLANG_WARN_INFINITE_RECURSION = YES;
				CLANG_WARN_INT_CONVERSION = YES;
				CLANG_WARN_NON_LITERAL_NULL_CONVERSION = YES;
				CLANG_WARN_OBJC_IMPLICIT_RETAIN_SELF = YES;
				CLANG_WARN_OBJC_LITERAL_CONVERSION = YES;
				CLANG_WARN_OBJC_ROOT_CLASS = YES_ERROR;
				CLANG_WARN_QUOTED_INCLUDE_IN_FRAMEWORK_HEADER = YES;
				CLANG_WARN_RANGE_LOOP_ANALYSIS = YES;
				CLANG_WARN_STRICT_PROTOTYPES = YES;
				CLANG_WARN_SUSPICIOUS_MOVE = YES;
				CLANG_WARN_UNGUARDED_AVAILABILITY = YES_AGGRESSIVE;
				CLANG_WARN_UNREACHABLE_CODE = YES;
				CLANG_WARN__DUPLICATE_METHOD_MATCH = YES;
				COPY_PHASE_STRIP = NO;
				DEBUG_INFORMATION_FORMAT = dwarf;
				ENABLE_STRICT_OBJC_MSGSEND = YES;
				ENABLE_TESTABILITY = YES;
				GCC_C_LANGUAGE_STANDARD = gnu11;
				GCC_DYNAMIC_NO_PIC = NO;
				GCC_NO_COMMON_BLOCKS = YES;
				GCC_OPTIMIZATION_LEVEL = 0;
				GCC_PREPROCESSOR_DEFINITIONS = (
					"DEBUG=1",
					"$(inherited)",
				);
				GCC_WARN_64_TO_32_BIT_CONVERSION = YES;
				GCC_WARN_ABOUT_RETURN_TYPE = YES_ERROR;
				GCC_WARN_UNDECLARED_SELECTOR = YES;
				GCC_WARN_UNINITIALIZED_AUTOS = YES_AGGRESSIVE;
				GCC_WARN_UNUSED_FUNCTION = YES;
				GCC_WARN_UNUSED_VARIABLE = YES;
				IPHONEOS_DEPLOYMENT_TARGET = 15.4;
				MTL_ENABLE_DEBUG_INFO = INCLUDE_SOURCE;
				MTL_FAST_MATH = YES;
				ONLY_ACTIVE_ARCH = YES;
				SDKROOT = iphoneos;
				SWIFT_ACTIVE_COMPILATION_CONDITIONS = DEBUG;
				SWIFT_OPTIMIZATION_LEVEL = "-Onone";
			};
			name = Debug;
		};
		573B6AC82819B0C8007F149C /* Release */ = {
			isa = XCBuildConfiguration;
			buildSettings = {
				ALWAYS_SEARCH_USER_PATHS = NO;
				CLANG_ANALYZER_NONNULL = YES;
				CLANG_ANALYZER_NUMBER_OBJECT_CONVERSION = YES_AGGRESSIVE;
				CLANG_CXX_LANGUAGE_STANDARD = "gnu++17";
				CLANG_ENABLE_MODULES = YES;
				CLANG_ENABLE_OBJC_ARC = YES;
				CLANG_ENABLE_OBJC_WEAK = YES;
				CLANG_WARN_BLOCK_CAPTURE_AUTORELEASING = YES;
				CLANG_WARN_BOOL_CONVERSION = YES;
				CLANG_WARN_COMMA = YES;
				CLANG_WARN_CONSTANT_CONVERSION = YES;
				CLANG_WARN_DEPRECATED_OBJC_IMPLEMENTATIONS = YES;
				CLANG_WARN_DIRECT_OBJC_ISA_USAGE = YES_ERROR;
				CLANG_WARN_DOCUMENTATION_COMMENTS = YES;
				CLANG_WARN_EMPTY_BODY = YES;
				CLANG_WARN_ENUM_CONVERSION = YES;
				CLANG_WARN_INFINITE_RECURSION = YES;
				CLANG_WARN_INT_CONVERSION = YES;
				CLANG_WARN_NON_LITERAL_NULL_CONVERSION = YES;
				CLANG_WARN_OBJC_IMPLICIT_RETAIN_SELF = YES;
				CLANG_WARN_OBJC_LITERAL_CONVERSION = YES;
				CLANG_WARN_OBJC_ROOT_CLASS = YES_ERROR;
				CLANG_WARN_QUOTED_INCLUDE_IN_FRAMEWORK_HEADER = YES;
				CLANG_WARN_RANGE_LOOP_ANALYSIS = YES;
				CLANG_WARN_STRICT_PROTOTYPES = YES;
				CLANG_WARN_SUSPICIOUS_MOVE = YES;
				CLANG_WARN_UNGUARDED_AVAILABILITY = YES_AGGRESSIVE;
				CLANG_WARN_UNREACHABLE_CODE = YES;
				CLANG_WARN__DUPLICATE_METHOD_MATCH = YES;
				COPY_PHASE_STRIP = NO;
				DEBUG_INFORMATION_FORMAT = "dwarf-with-dsym";
				ENABLE_NS_ASSERTIONS = NO;
				ENABLE_STRICT_OBJC_MSGSEND = YES;
				GCC_C_LANGUAGE_STANDARD = gnu11;
				GCC_NO_COMMON_BLOCKS = YES;
				GCC_WARN_64_TO_32_BIT_CONVERSION = YES;
				GCC_WARN_ABOUT_RETURN_TYPE = YES_ERROR;
				GCC_WARN_UNDECLARED_SELECTOR = YES;
				GCC_WARN_UNINITIALIZED_AUTOS = YES_AGGRESSIVE;
				GCC_WARN_UNUSED_FUNCTION = YES;
				GCC_WARN_UNUSED_VARIABLE = YES;
				IPHONEOS_DEPLOYMENT_TARGET = 15.4;
				MTL_ENABLE_DEBUG_INFO = NO;
				MTL_FAST_MATH = YES;
				SDKROOT = iphoneos;
				SWIFT_COMPILATION_MODE = wholemodule;
				SWIFT_OPTIMIZATION_LEVEL = "-O";
				VALIDATE_PRODUCT = YES;
			};
			name = Release;
		};
		573B6ACA2819B0C8007F149C /* Debug */ = {
			isa = XCBuildConfiguration;
			buildSettings = {
				ASSETCATALOG_COMPILER_APPICON_NAME = AppIcon;
				ASSETCATALOG_COMPILER_GLOBAL_ACCENT_COLOR_NAME = AccentColor;
				CODE_SIGN_STYLE = Automatic;
				CURRENT_PROJECT_VERSION = 1;
				DEVELOPMENT_TEAM = 3DBA5NV57G;
				GENERATE_INFOPLIST_FILE = YES;
				INFOPLIST_FILE = VK/Info.plist;
				INFOPLIST_KEY_UIApplicationSupportsIndirectInputEvents = YES;
				INFOPLIST_KEY_UILaunchStoryboardName = LaunchScreen;
				INFOPLIST_KEY_UIMainStoryboardFile = Main;
				INFOPLIST_KEY_UIStatusBarHidden = NO;
				INFOPLIST_KEY_UISupportedInterfaceOrientations = UIInterfaceOrientationPortrait;
				INFOPLIST_KEY_UISupportedInterfaceOrientations_iPad = "UIInterfaceOrientationPortrait UIInterfaceOrientationPortraitUpsideDown UIInterfaceOrientationLandscapeLeft UIInterfaceOrientationLandscapeRight";
				INFOPLIST_KEY_UISupportedInterfaceOrientations_iPhone = "UIInterfaceOrientationPortrait UIInterfaceOrientationLandscapeLeft UIInterfaceOrientationLandscapeRight";
				LD_RUNPATH_SEARCH_PATHS = (
					"$(inherited)",
					"@executable_path/Frameworks",
				);
				MARKETING_VERSION = 1.0;
				PRODUCT_BUNDLE_IDENTIFIER = lerizlot.VK;
				PRODUCT_NAME = "$(TARGET_NAME)";
				SWIFT_EMIT_LOC_STRINGS = YES;
				SWIFT_VERSION = 5.0;
				TARGETED_DEVICE_FAMILY = "1,2";
			};
			name = Debug;
		};
		573B6ACB2819B0C8007F149C /* Release */ = {
			isa = XCBuildConfiguration;
			buildSettings = {
				ASSETCATALOG_COMPILER_APPICON_NAME = AppIcon;
				ASSETCATALOG_COMPILER_GLOBAL_ACCENT_COLOR_NAME = AccentColor;
				CODE_SIGN_STYLE = Automatic;
				CURRENT_PROJECT_VERSION = 1;
				DEVELOPMENT_TEAM = 3DBA5NV57G;
				GENERATE_INFOPLIST_FILE = YES;
				INFOPLIST_FILE = VK/Info.plist;
				INFOPLIST_KEY_UIApplicationSupportsIndirectInputEvents = YES;
				INFOPLIST_KEY_UILaunchStoryboardName = LaunchScreen;
				INFOPLIST_KEY_UIMainStoryboardFile = Main;
				INFOPLIST_KEY_UIStatusBarHidden = NO;
				INFOPLIST_KEY_UISupportedInterfaceOrientations = UIInterfaceOrientationPortrait;
				INFOPLIST_KEY_UISupportedInterfaceOrientations_iPad = "UIInterfaceOrientationPortrait UIInterfaceOrientationPortraitUpsideDown UIInterfaceOrientationLandscapeLeft UIInterfaceOrientationLandscapeRight";
				INFOPLIST_KEY_UISupportedInterfaceOrientations_iPhone = "UIInterfaceOrientationPortrait UIInterfaceOrientationLandscapeLeft UIInterfaceOrientationLandscapeRight";
				LD_RUNPATH_SEARCH_PATHS = (
					"$(inherited)",
					"@executable_path/Frameworks",
				);
				MARKETING_VERSION = 1.0;
				PRODUCT_BUNDLE_IDENTIFIER = lerizlot.VK;
				PRODUCT_NAME = "$(TARGET_NAME)";
				SWIFT_EMIT_LOC_STRINGS = YES;
				SWIFT_VERSION = 5.0;
				TARGETED_DEVICE_FAMILY = "1,2";
			};
			name = Release;
		};
/* End XCBuildConfiguration section */

/* Begin XCConfigurationList section */
		573B6AB02819B0C6007F149C /* Build configuration list for PBXProject "VK" */ = {
			isa = XCConfigurationList;
			buildConfigurations = (
				573B6AC72819B0C8007F149C /* Debug */,
				573B6AC82819B0C8007F149C /* Release */,
			);
			defaultConfigurationIsVisible = 0;
			defaultConfigurationName = Release;
		};
		573B6AC92819B0C8007F149C /* Build configuration list for PBXNativeTarget "VK" */ = {
			isa = XCConfigurationList;
			buildConfigurations = (
				573B6ACA2819B0C8007F149C /* Debug */,
				573B6ACB2819B0C8007F149C /* Release */,
			);
			defaultConfigurationIsVisible = 0;
			defaultConfigurationName = Release;
		};
/* End XCConfigurationList section */
	};
	rootObject = 573B6AAD2819B0C6007F149C /* Project object */;
}
